
Microsoft Visual Studio Solution File, Format Version 12.00
# Visual Studio Version 17
VisualStudioVersion = 17.14.36414.22
MinimumVisualStudioVersion = 10.0.40219.1
Project("{FAE04EC0-301F-11D3-BF4B-00C04F79EFBC}") = "EnumerationPattern", "EnumerationPattern\EnumerationPattern.csproj", "{BB0A57F4-7AE7-4300-A2D2-853968CDFB0B}"
EndProject
Project("{FAE04EC0-301F-11D3-BF4B-00C04F79EFBC}") = "EnumerationPattern.UnitTests", "EnumerationPattern.UnitTests\EnumerationPattern.UnitTests.csproj", "{81524D78-43A7-4A7F-9EFA-1AB5E0B7E14F}"
EndProject
Project("{FAE04EC0-301F-11D3-BF4B-00C04F79EFBC}") = "EnumerationPattern.WebDemo", "EnumerationPattern.WebDemo\EnumerationPattern.WebDemo.csproj", "{5DC64D68-E48C-4DD7-8E78-85D9FD1762A3}"
EndProject
Global
	GlobalSection(SolutionConfigurationPlatforms) = preSolution
		Debug|Any CPU = Debug|Any CPU
		Release|Any CPU = Release|Any CPU
	EndGlobalSection
	GlobalSection(ProjectConfigurationPlatforms) = postSolution
		{BB0A57F4-7AE7-4300-A2D2-853968CDFB0B}.Debug|Any CPU.ActiveCfg = Debug|Any CPU
		{BB0A57F4-7AE7-4300-A2D2-853968CDFB0B}.Debug|Any CPU.Build.0 = Debug|Any CPU
		{BB0A57F4-7AE7-4300-A2D2-853968CDFB0B}.Release|Any CPU.ActiveCfg = Release|Any CPU
		{BB0A57F4-7AE7-4300-A2D2-853968CDFB0B}.Release|Any CPU.Build.0 = Release|Any CPU
		{81524D78-43A7-4A7F-9EFA-1AB5E0B7E14F}.Debug|Any CPU.ActiveCfg = Debug|Any CPU
		{81524D78-43A7-4A7F-9EFA-1AB5E0B7E14F}.Debug|Any CPU.Build.0 = Debug|Any CPU
		{81524D78-43A7-4A7F-9EFA-1AB5E0B7E14F}.Release|Any CPU.ActiveCfg = Release|Any CPU
		{81524D78-43A7-4A7F-9EFA-1AB5E0B7E14F}.Release|Any CPU.Build.0 = Release|Any CPU
		{5DC64D68-E48C-4DD7-8E78-85D9FD1762A3}.Debug|Any CPU.ActiveCfg = Debug|Any CPU
		{5DC64D68-E48C-4DD7-8E78-85D9FD1762A3}.Debug|Any CPU.Build.0 = Debug|Any CPU
		{5DC64D68-E48C-4DD7-8E78-85D9FD1762A3}.Release|Any CPU.ActiveCfg = Release|Any CPU
		{5DC64D68-E48C-4DD7-8E78-85D9FD1762A3}.Release|Any CPU.Build.0 = Release|Any CPU
	EndGlobalSection
	GlobalSection(SolutionProperties) = preSolution
		HideSolutionNode = FALSE
	EndGlobalSection
	GlobalSection(ExtensibilityGlobals) = postSolution
		SolutionGuid = {62AFA3D1-F316-4A74-84D9-5057A05A3814}
	EndGlobalSection
EndGlobal
